
Microsoft Visual Studio Solution File, Format Version 12.00
# Visual Studio Version 17
VisualStudioVersion = 17.2.32519.379
MinimumVisualStudioVersion = 10.0.40219.1
Project("{9A19103F-16F7-4668-BE54-9A1E7A4F7556}") = "DoctorAppointment.Application", "DoctorAppointment.Application\DoctorAppointment.Application.csproj", "{B5540726-2BDD-4DA8-ACE8-4A435BC2642C}"
EndProject
Project("{9A19103F-16F7-4668-BE54-9A1E7A4F7556}") = "DoctorAppointment.Domain", "DoctorAppointment.Domain\DoctorAppointment.Domain.csproj", "{A35BA1D7-F671-4657-850A-A684178E9D7C}"
EndProject
Project("{9A19103F-16F7-4668-BE54-9A1E7A4F7556}") = "DoctorAppointment.DataAccess", "DoctorAppointment.DataAccess\DoctorAppointment.DataAccess.csproj", "{501C00B5-7F6A-48EB-9A06-F68E5E717CFC}"
EndProject
Project("{9A19103F-16F7-4668-BE54-9A1E7A4F7556}") = "DoctorAppointment.Api", "DoctorAppointment.Api\DoctorAppointment.Api.csproj", "{74C89403-6822-4B54-8D1B-6F3ED5067CAD}"
EndProject
Project("{2150E333-8FDC-42A3-9474-1A3956D46DE8}") = "sources", "sources", "{9D619AFE-47C2-4E43-AB12-B32E74876302}"
EndProject
Project("{2150E333-8FDC-42A3-9474-1A3956D46DE8}") = "tests", "tests", "{FBCF696F-A64C-48F4-8659-750B1A6C0BA9}"
EndProject
Project("{9A19103F-16F7-4668-BE54-9A1E7A4F7556}") = "DoctorAppointment.Business.Tests", "DoctorAppointment.Business.Tests\DoctorAppointment.Business.Tests.csproj", "{4C87408F-0AA1-4BFB-8362-288E13260D09}"
EndProject
Global
	GlobalSection(SolutionConfigurationPlatforms) = preSolution
		Debug|Any CPU = Debug|Any CPU
		Release|Any CPU = Release|Any CPU
	EndGlobalSection
	GlobalSection(ProjectConfigurationPlatforms) = postSolution
		{B5540726-2BDD-4DA8-ACE8-4A435BC2642C}.Debug|Any CPU.ActiveCfg = Debug|Any CPU
		{B5540726-2BDD-4DA8-ACE8-4A435BC2642C}.Debug|Any CPU.Build.0 = Debug|Any CPU
		{B5540726-2BDD-4DA8-ACE8-4A435BC2642C}.Release|Any CPU.ActiveCfg = Release|Any CPU
		{B5540726-2BDD-4DA8-ACE8-4A435BC2642C}.Release|Any CPU.Build.0 = Release|Any CPU
		{A35BA1D7-F671-4657-850A-A684178E9D7C}.Debug|Any CPU.ActiveCfg = Debug|Any CPU
		{A35BA1D7-F671-4657-850A-A684178E9D7C}.Debug|Any CPU.Build.0 = Debug|Any CPU
		{A35BA1D7-F671-4657-850A-A684178E9D7C}.Release|Any CPU.ActiveCfg = Release|Any CPU
		{A35BA1D7-F671-4657-850A-A684178E9D7C}.Release|Any CPU.Build.0 = Release|Any CPU
		{501C00B5-7F6A-48EB-9A06-F68E5E717CFC}.Debug|Any CPU.ActiveCfg = Debug|Any CPU
		{501C00B5-7F6A-48EB-9A06-F68E5E717CFC}.Debug|Any CPU.Build.0 = Debug|Any CPU
		{501C00B5-7F6A-48EB-9A06-F68E5E717CFC}.Release|Any CPU.ActiveCfg = Release|Any CPU
		{501C00B5-7F6A-48EB-9A06-F68E5E717CFC}.Release|Any CPU.Build.0 = Release|Any CPU
		{74C89403-6822-4B54-8D1B-6F3ED5067CAD}.Debug|Any CPU.ActiveCfg = Debug|Any CPU
		{74C89403-6822-4B54-8D1B-6F3ED5067CAD}.Debug|Any CPU.Build.0 = Debug|Any CPU
		{74C89403-6822-4B54-8D1B-6F3ED5067CAD}.Release|Any CPU.ActiveCfg = Release|Any CPU
		{74C89403-6822-4B54-8D1B-6F3ED5067CAD}.Release|Any CPU.Build.0 = Release|Any CPU
		{4C87408F-0AA1-4BFB-8362-288E13260D09}.Debug|Any CPU.ActiveCfg = Debug|Any CPU
		{4C87408F-0AA1-4BFB-8362-288E13260D09}.Debug|Any CPU.Build.0 = Debug|Any CPU
		{4C87408F-0AA1-4BFB-8362-288E13260D09}.Release|Any CPU.ActiveCfg = Release|Any CPU
		{4C87408F-0AA1-4BFB-8362-288E13260D09}.Release|Any CPU.Build.0 = Release|Any CPU
	EndGlobalSection
	GlobalSection(SolutionProperties) = preSolution
		HideSolutionNode = FALSE
	EndGlobalSection
	GlobalSection(NestedProjects) = preSolution
		{B5540726-2BDD-4DA8-ACE8-4A435BC2642C} = {9D619AFE-47C2-4E43-AB12-B32E74876302}
		{A35BA1D7-F671-4657-850A-A684178E9D7C} = {9D619AFE-47C2-4E43-AB12-B32E74876302}
		{501C00B5-7F6A-48EB-9A06-F68E5E717CFC} = {9D619AFE-47C2-4E43-AB12-B32E74876302}
		{74C89403-6822-4B54-8D1B-6F3ED5067CAD} = {9D619AFE-47C2-4E43-AB12-B32E74876302}
		{4C87408F-0AA1-4BFB-8362-288E13260D09} = {FBCF696F-A64C-48F4-8659-750B1A6C0BA9}
	EndGlobalSection
	GlobalSection(ExtensibilityGlobals) = postSolution
		SolutionGuid = {EB2B8671-8969-4FB8-8420-14592DB0D6F8}
	EndGlobalSection
EndGlobal
